
Microsoft Visual Studio Solution File, Format Version 12.00
# Visual Studio Version 16
VisualStudioVersion = 16.0.29709.97
MinimumVisualStudioVersion = 10.0.40219.1
Project("{2150E333-8FDC-42A3-9474-1A3956D46DE8}") = "Libraries", "Libraries", "{BE954B2C-41A2-4A03-9316-F42994CD3AC1}"
EndProject
Project("{2150E333-8FDC-42A3-9474-1A3956D46DE8}") = "Presentation", "Presentation", "{958CA3F8-53E2-4926-9771-39F87EB9BD8A}"
EndProject
Project("{9A19103F-16F7-4668-BE54-9A1E7A4F7556}") = "Wp.Data", "Libraries\Wp.Data\Wp.Data.csproj", "{3F38FD3A-A701-4156-AFAE-0999A93924C9}"
EndProject
Project("{9A19103F-16F7-4668-BE54-9A1E7A4F7556}") = "Wp.Web.Framework", "Presentation\Wp.Web.Framework\Wp.Web.Framework.csproj", "{7D1A9891-DB95-43EA-B345-67EE18F67DF8}"
EndProject
Project("{9A19103F-16F7-4668-BE54-9A1E7A4F7556}") = "Wp.Core", "Libraries\Wp.Core\Wp.Core.csproj", "{48D9A6F4-4D46-49F8-99F7-BD1928D7EE92}"
EndProject
Project("{9A19103F-16F7-4668-BE54-9A1E7A4F7556}") = "Wp.Services", "Libraries\Wp.Service\Wp.Services.csproj", "{0D7C7344-6685-420F-9D76-2C7777D341C0}"
EndProject
Project("{9A19103F-16F7-4668-BE54-9A1E7A4F7556}") = "Wp.Web.Api.Admin", "Presentation\Wp.Web.Admin.Api\Wp.Web.Api.Admin.csproj", "{C3F5CC0A-14B9-44DC-B46E-C03F5736ADA9}"
EndProject
Project("{9A19103F-16F7-4668-BE54-9A1E7A4F7556}") = "Wp.Web.Mvc", "Presentation\Wp.Web.Mvc\Wp.Web.Mvc.csproj", "{C6E7BDF6-FA4A-437D-ACA5-F88C7E7594F7}"
EndProject
Project("{2150E333-8FDC-42A3-9474-1A3956D46DE8}") = "ResumeManagement", "ResumeManagement", "{01F807FF-8E40-4C70-BFD9-868872ED6D6A}"
EndProject
Project("{9A19103F-16F7-4668-BE54-9A1E7A4F7556}") = "Wp.Resume.ManagementApi", "ResumeManagement\Wp.Resume.ManagementApi\Wp.Resume.ManagementApi.csproj", "{F072A36E-F155-4E55-AEC8-2DDC216BEE33}"
EndProject
Project("{E53339B2-1760-4266-BCC7-CA923CBCF16C}") = "docker-compose", "docker-compose.dcproj", "{257467E4-9073-4A52-8682-B4860258F684}"
EndProject
Project("{2150E333-8FDC-42A3-9474-1A3956D46DE8}") = "CVManagement", "CVManagement", "{1860E699-B72F-48F4-8365-218561B5C33B}"
EndProject
Project("{9A19103F-16F7-4668-BE54-9A1E7A4F7556}") = "Wp.Cv.Core", "CVManagement\Wp.Cv.Core\Wp.Cv.Core.csproj", "{5B1C7466-FB48-4DAE-BEC2-A7971A03A023}"
EndProject
Project("{9A19103F-16F7-4668-BE54-9A1E7A4F7556}") = "Wp.Cv.Data", "CVManagement\Wp.Cv.Data\Wp.Cv.Data.csproj", "{53F7F653-E8C3-440F-83D8-03BC7CC9EA39}"
EndProject
Project("{9A19103F-16F7-4668-BE54-9A1E7A4F7556}") = "Wp.Common", "Libraries\Wp.Common\Wp.Common.csproj", "{D228A643-49E8-4173-BCD3-FF2F74746F74}"
EndProject
Project("{9A19103F-16F7-4668-BE54-9A1E7A4F7556}") = "Wp.Cv.Service", "CVManagement\Wp.Cv.Service\Wp.Cv.Service.csproj", "{EE13B879-E7F6-49BD-B885-6DCD63D6F644}"
EndProject
Project("{2150E333-8FDC-42A3-9474-1A3956D46DE8}") = "Localization", "Localization", "{7141B2C5-B0D5-4F80-BDA7-753180944ADF}"
EndProject
Project("{FAE04EC0-301F-11D3-BF4B-00C04F79EFBC}") = "Wp.Localization.Core", "Localization\Wp.Localization.Core\Wp.Localization.Core.csproj", "{A76851E3-0708-4AC3-A70D-E725FD6D3C8C}"
EndProject
Project("{FAE04EC0-301F-11D3-BF4B-00C04F79EFBC}") = "Wp.Localization.Data", "Localization\Wp.Localization.Data\Wp.Localization.Data.csproj", "{810685D1-F027-46A6-9322-BF1B46D1DF4E}"
EndProject
Project("{FAE04EC0-301F-11D3-BF4B-00C04F79EFBC}") = "Wp.Localization.Service", "Localization\Wp.Localization.Service\Wp.Localization.Service.csproj", "{13228D38-BCE7-49C3-8D23-56F29BE75D3E}"
EndProject
Project("{FAE04EC0-301F-11D3-BF4B-00C04F79EFBC}") = "Wp.Localization.ManagementApi", "Localization\Wp.Localization.ManagementApi\Wp.Localization.ManagementApi.csproj", "{78DBE682-B105-499A-8E42-6B6316DA52D1}"
EndProject
Global
	GlobalSection(SolutionConfigurationPlatforms) = preSolution
		Debug|Any CPU = Debug|Any CPU
		Release|Any CPU = Release|Any CPU
	EndGlobalSection
	GlobalSection(ProjectConfigurationPlatforms) = postSolution
		{3F38FD3A-A701-4156-AFAE-0999A93924C9}.Debug|Any CPU.ActiveCfg = Debug|Any CPU
		{3F38FD3A-A701-4156-AFAE-0999A93924C9}.Debug|Any CPU.Build.0 = Debug|Any CPU
		{3F38FD3A-A701-4156-AFAE-0999A93924C9}.Release|Any CPU.ActiveCfg = Release|Any CPU
		{3F38FD3A-A701-4156-AFAE-0999A93924C9}.Release|Any CPU.Build.0 = Release|Any CPU
		{7D1A9891-DB95-43EA-B345-67EE18F67DF8}.Debug|Any CPU.ActiveCfg = Debug|Any CPU
		{7D1A9891-DB95-43EA-B345-67EE18F67DF8}.Debug|Any CPU.Build.0 = Debug|Any CPU
		{7D1A9891-DB95-43EA-B345-67EE18F67DF8}.Release|Any CPU.ActiveCfg = Release|Any CPU
		{7D1A9891-DB95-43EA-B345-67EE18F67DF8}.Release|Any CPU.Build.0 = Release|Any CPU
		{48D9A6F4-4D46-49F8-99F7-BD1928D7EE92}.Debug|Any CPU.ActiveCfg = Debug|Any CPU
		{48D9A6F4-4D46-49F8-99F7-BD1928D7EE92}.Debug|Any CPU.Build.0 = Debug|Any CPU
		{48D9A6F4-4D46-49F8-99F7-BD1928D7EE92}.Release|Any CPU.ActiveCfg = Release|Any CPU
		{48D9A6F4-4D46-49F8-99F7-BD1928D7EE92}.Release|Any CPU.Build.0 = Release|Any CPU
		{0D7C7344-6685-420F-9D76-2C7777D341C0}.Debug|Any CPU.ActiveCfg = Debug|Any CPU
		{0D7C7344-6685-420F-9D76-2C7777D341C0}.Debug|Any CPU.Build.0 = Debug|Any CPU
		{0D7C7344-6685-420F-9D76-2C7777D341C0}.Release|Any CPU.ActiveCfg = Release|Any CPU
		{0D7C7344-6685-420F-9D76-2C7777D341C0}.Release|Any CPU.Build.0 = Release|Any CPU
		{C3F5CC0A-14B9-44DC-B46E-C03F5736ADA9}.Debug|Any CPU.ActiveCfg = Debug|Any CPU
		{C3F5CC0A-14B9-44DC-B46E-C03F5736ADA9}.Debug|Any CPU.Build.0 = Debug|Any CPU
		{C3F5CC0A-14B9-44DC-B46E-C03F5736ADA9}.Release|Any CPU.ActiveCfg = Release|Any CPU
		{C3F5CC0A-14B9-44DC-B46E-C03F5736ADA9}.Release|Any CPU.Build.0 = Release|Any CPU
		{C6E7BDF6-FA4A-437D-ACA5-F88C7E7594F7}.Debug|Any CPU.ActiveCfg = Debug|Any CPU
		{C6E7BDF6-FA4A-437D-ACA5-F88C7E7594F7}.Debug|Any CPU.Build.0 = Debug|Any CPU
		{C6E7BDF6-FA4A-437D-ACA5-F88C7E7594F7}.Release|Any CPU.ActiveCfg = Release|Any CPU
		{C6E7BDF6-FA4A-437D-ACA5-F88C7E7594F7}.Release|Any CPU.Build.0 = Release|Any CPU
		{F072A36E-F155-4E55-AEC8-2DDC216BEE33}.Debug|Any CPU.ActiveCfg = Debug|Any CPU
		{F072A36E-F155-4E55-AEC8-2DDC216BEE33}.Debug|Any CPU.Build.0 = Debug|Any CPU
		{F072A36E-F155-4E55-AEC8-2DDC216BEE33}.Release|Any CPU.ActiveCfg = Release|Any CPU
		{F072A36E-F155-4E55-AEC8-2DDC216BEE33}.Release|Any CPU.Build.0 = Release|Any CPU
		{257467E4-9073-4A52-8682-B4860258F684}.Debug|Any CPU.ActiveCfg = Debug|Any CPU
		{257467E4-9073-4A52-8682-B4860258F684}.Debug|Any CPU.Build.0 = Debug|Any CPU
		{257467E4-9073-4A52-8682-B4860258F684}.Release|Any CPU.ActiveCfg = Release|Any CPU
		{257467E4-9073-4A52-8682-B4860258F684}.Release|Any CPU.Build.0 = Release|Any CPU
		{5B1C7466-FB48-4DAE-BEC2-A7971A03A023}.Debug|Any CPU.ActiveCfg = Debug|Any CPU
		{5B1C7466-FB48-4DAE-BEC2-A7971A03A023}.Debug|Any CPU.Build.0 = Debug|Any CPU
		{5B1C7466-FB48-4DAE-BEC2-A7971A03A023}.Release|Any CPU.ActiveCfg = Release|Any CPU
		{5B1C7466-FB48-4DAE-BEC2-A7971A03A023}.Release|Any CPU.Build.0 = Release|Any CPU
		{53F7F653-E8C3-440F-83D8-03BC7CC9EA39}.Debug|Any CPU.ActiveCfg = Debug|Any CPU
		{53F7F653-E8C3-440F-83D8-03BC7CC9EA39}.Debug|Any CPU.Build.0 = Debug|Any CPU
		{53F7F653-E8C3-440F-83D8-03BC7CC9EA39}.Release|Any CPU.ActiveCfg = Release|Any CPU
		{53F7F653-E8C3-440F-83D8-03BC7CC9EA39}.Release|Any CPU.Build.0 = Release|Any CPU
		{D228A643-49E8-4173-BCD3-FF2F74746F74}.Debug|Any CPU.ActiveCfg = Debug|Any CPU
		{D228A643-49E8-4173-BCD3-FF2F74746F74}.Debug|Any CPU.Build.0 = Debug|Any CPU
		{D228A643-49E8-4173-BCD3-FF2F74746F74}.Release|Any CPU.ActiveCfg = Release|Any CPU
		{D228A643-49E8-4173-BCD3-FF2F74746F74}.Release|Any CPU.Build.0 = Release|Any CPU
		{EE13B879-E7F6-49BD-B885-6DCD63D6F644}.Debug|Any CPU.ActiveCfg = Debug|Any CPU
		{EE13B879-E7F6-49BD-B885-6DCD63D6F644}.Debug|Any CPU.Build.0 = Debug|Any CPU
		{EE13B879-E7F6-49BD-B885-6DCD63D6F644}.Release|Any CPU.ActiveCfg = Release|Any CPU
		{EE13B879-E7F6-49BD-B885-6DCD63D6F644}.Release|Any CPU.Build.0 = Release|Any CPU
		{A76851E3-0708-4AC3-A70D-E725FD6D3C8C}.Debug|Any CPU.ActiveCfg = Debug|Any CPU
		{A76851E3-0708-4AC3-A70D-E725FD6D3C8C}.Debug|Any CPU.Build.0 = Debug|Any CPU
		{A76851E3-0708-4AC3-A70D-E725FD6D3C8C}.Release|Any CPU.ActiveCfg = Release|Any CPU
		{A76851E3-0708-4AC3-A70D-E725FD6D3C8C}.Release|Any CPU.Build.0 = Release|Any CPU
		{810685D1-F027-46A6-9322-BF1B46D1DF4E}.Debug|Any CPU.ActiveCfg = Debug|Any CPU
		{810685D1-F027-46A6-9322-BF1B46D1DF4E}.Debug|Any CPU.Build.0 = Debug|Any CPU
		{810685D1-F027-46A6-9322-BF1B46D1DF4E}.Release|Any CPU.ActiveCfg = Release|Any CPU
		{810685D1-F027-46A6-9322-BF1B46D1DF4E}.Release|Any CPU.Build.0 = Release|Any CPU
		{13228D38-BCE7-49C3-8D23-56F29BE75D3E}.Debug|Any CPU.ActiveCfg = Debug|Any CPU
		{13228D38-BCE7-49C3-8D23-56F29BE75D3E}.Debug|Any CPU.Build.0 = Debug|Any CPU
		{13228D38-BCE7-49C3-8D23-56F29BE75D3E}.Release|Any CPU.ActiveCfg = Release|Any CPU
		{13228D38-BCE7-49C3-8D23-56F29BE75D3E}.Release|Any CPU.Build.0 = Release|Any CPU
		{78DBE682-B105-499A-8E42-6B6316DA52D1}.Debug|Any CPU.ActiveCfg = Debug|Any CPU
		{78DBE682-B105-499A-8E42-6B6316DA52D1}.Debug|Any CPU.Build.0 = Debug|Any CPU
		{78DBE682-B105-499A-8E42-6B6316DA52D1}.Release|Any CPU.ActiveCfg = Release|Any CPU
		{78DBE682-B105-499A-8E42-6B6316DA52D1}.Release|Any CPU.Build.0 = Release|Any CPU
	EndGlobalSection
	GlobalSection(SolutionProperties) = preSolution
		HideSolutionNode = FALSE
	EndGlobalSection
	GlobalSection(NestedProjects) = preSolution
		{3F38FD3A-A701-4156-AFAE-0999A93924C9} = {BE954B2C-41A2-4A03-9316-F42994CD3AC1}
		{7D1A9891-DB95-43EA-B345-67EE18F67DF8} = {958CA3F8-53E2-4926-9771-39F87EB9BD8A}
		{48D9A6F4-4D46-49F8-99F7-BD1928D7EE92} = {BE954B2C-41A2-4A03-9316-F42994CD3AC1}
		{0D7C7344-6685-420F-9D76-2C7777D341C0} = {BE954B2C-41A2-4A03-9316-F42994CD3AC1}
		{C3F5CC0A-14B9-44DC-B46E-C03F5736ADA9} = {958CA3F8-53E2-4926-9771-39F87EB9BD8A}
		{C6E7BDF6-FA4A-437D-ACA5-F88C7E7594F7} = {958CA3F8-53E2-4926-9771-39F87EB9BD8A}
		{F072A36E-F155-4E55-AEC8-2DDC216BEE33} = {01F807FF-8E40-4C70-BFD9-868872ED6D6A}
		{5B1C7466-FB48-4DAE-BEC2-A7971A03A023} = {1860E699-B72F-48F4-8365-218561B5C33B}
		{53F7F653-E8C3-440F-83D8-03BC7CC9EA39} = {1860E699-B72F-48F4-8365-218561B5C33B}
		{D228A643-49E8-4173-BCD3-FF2F74746F74} = {BE954B2C-41A2-4A03-9316-F42994CD3AC1}
		{EE13B879-E7F6-49BD-B885-6DCD63D6F644} = {1860E699-B72F-48F4-8365-218561B5C33B}
		{A76851E3-0708-4AC3-A70D-E725FD6D3C8C} = {7141B2C5-B0D5-4F80-BDA7-753180944ADF}
		{810685D1-F027-46A6-9322-BF1B46D1DF4E} = {7141B2C5-B0D5-4F80-BDA7-753180944ADF}
		{13228D38-BCE7-49C3-8D23-56F29BE75D3E} = {7141B2C5-B0D5-4F80-BDA7-753180944ADF}
		{78DBE682-B105-499A-8E42-6B6316DA52D1} = {7141B2C5-B0D5-4F80-BDA7-753180944ADF}
	EndGlobalSection
	GlobalSection(ExtensibilityGlobals) = postSolution
		SolutionGuid = {049C5F27-9141-4E80-B1C5-0F84B62FD726}
	EndGlobalSection
EndGlobal
