
Microsoft Visual Studio Solution File, Format Version 12.00
# Visual Studio Version 17
VisualStudioVersion = 17.0.31919.166
MinimumVisualStudioVersion = 10.0.40219.1
Project("{2150E333-8FDC-42A3-9474-1A3956D46DE8}") = "Libraries", "Libraries", "{BE954B2C-41A2-4A03-9316-F42994CD3AC1}"
EndProject
Project("{2150E333-8FDC-42A3-9474-1A3956D46DE8}") = "Presentation", "Presentation", "{958CA3F8-53E2-4926-9771-39F87EB9BD8A}"
EndProject
Project("{9A19103F-16F7-4668-BE54-9A1E7A4F7556}") = "Wp.Data", "Libraries\Wp.Data\Wp.Data.csproj", "{3F38FD3A-A701-4156-AFAE-0999A93924C9}"
EndProject
Project("{9A19103F-16F7-4668-BE54-9A1E7A4F7556}") = "Wp.Web.Framework", "Presentation\Wp.Web.Framework\Wp.Web.Framework.csproj", "{7D1A9891-DB95-43EA-B345-67EE18F67DF8}"
EndProject
Project("{9A19103F-16F7-4668-BE54-9A1E7A4F7556}") = "Wp.Services", "Libraries\Wp.Service\Wp.Services.csproj", "{0D7C7344-6685-420F-9D76-2C7777D341C0}"
EndProject
Project("{9A19103F-16F7-4668-BE54-9A1E7A4F7556}") = "Wp.Web.Api.Admin", "Presentation\Wp.Web.Admin.Api\Wp.Web.Api.Admin.csproj", "{C3F5CC0A-14B9-44DC-B46E-C03F5736ADA9}"
EndProject
Project("{9A19103F-16F7-4668-BE54-9A1E7A4F7556}") = "Wp.Web.Mvc", "Presentation\Wp.Web.Mvc\Wp.Web.Mvc.csproj", "{C6E7BDF6-FA4A-437D-ACA5-F88C7E7594F7}"
EndProject
Project("{E53339B2-1760-4266-BCC7-CA923CBCF16C}") = "docker-compose", "docker-compose.dcproj", "{257467E4-9073-4A52-8682-B4860258F684}"
EndProject
Project("{2150E333-8FDC-42A3-9474-1A3956D46DE8}") = "MicroServices", "MicroServices", "{53FF5399-4CD5-4013-A5FB-265778A08979}"
EndProject
Project("{2150E333-8FDC-42A3-9474-1A3956D46DE8}") = "Wh", "Wh", "{6FD0C194-3CB6-4073-90C6-5AB950614D28}"
EndProject
Project("{2150E333-8FDC-42A3-9474-1A3956D46DE8}") = "Common", "Common", "{386997B3-3D78-48F6-AE96-446CC7AD973B}"
EndProject
Project("{9A19103F-16F7-4668-BE54-9A1E7A4F7556}") = "Nsr.Common.Core", "Common\Nsr.Common.Core\Nsr.Common.Core.csproj", "{5A4B45D0-6EC2-4CA5-BA0C-34B2B84E2822}"
EndProject
Project("{9A19103F-16F7-4668-BE54-9A1E7A4F7556}") = "Nsr.Common.Data", "Common\Nsr.Common.Data\Nsr.Common.Data.csproj", "{CB406FBC-23DF-4158-88E5-64200FAE1F83}"
EndProject
Project("{9A19103F-16F7-4668-BE54-9A1E7A4F7556}") = "Wp.Core", "Libraries\Wp.Core\Wp.Core.csproj", "{6A78A8CF-0677-49A8-921A-6E06DC8910A9}"
EndProject
Project("{9A19103F-16F7-4668-BE54-9A1E7A4F7556}") = "Nsr.Common.Service", "Common\Nsr.Common.Service\Nsr.Common.Service.csproj", "{7107F309-BD78-48C8-A5D3-F4B543785F9C}"
EndProject
Project("{9A19103F-16F7-4668-BE54-9A1E7A4F7556}") = "Wp.Wh.Core", "MicroServices\Wh\Wp.Resumes.Core\Wp.Wh.Core.csproj", "{0DFD0D1B-9DE8-4CE7-82B6-BF101DA1229A}"
EndProject
Project("{9A19103F-16F7-4668-BE54-9A1E7A4F7556}") = "Wp.Wh.Data", "MicroServices\Wh\Wp.Resumes.Data\Wp.Wh.Data.csproj", "{0937F472-EA72-4E1B-A00B-39BA8DE647D3}"
EndProject
Project("{9A19103F-16F7-4668-BE54-9A1E7A4F7556}") = "Wp.Wh.Service", "MicroServices\Wh\Wp.Resumes.Service\Wp.Wh.Service.csproj", "{0DAA656F-7B3E-4B51-8AE0-30AD574C71BB}"
EndProject
Project("{9A19103F-16F7-4668-BE54-9A1E7A4F7556}") = "Wp.Wh.WebApi", "MicroServices\Wh\Wp.Resumes.WebApi\Wp.Wh.WebApi.csproj", "{F4D28946-D667-4B19-9CB2-0760715CDEF6}"
EndProject
Project("{2150E333-8FDC-42A3-9474-1A3956D46DE8}") = "Localization", "Localization", "{B381D7A7-6591-4EA2-BF01-E8944874B26A}"
EndProject
Project("{FAE04EC0-301F-11D3-BF4B-00C04F79EFBC}") = "Nsr.Localization.Web.Api", "MicroServices\Localization\Nsr.Localization.Web.Api\Nsr.Localization.Web.Api.csproj", "{0DB0282B-BAEB-478A-A0FA-D2ECB38B6C3A}"
EndProject
Project("{2150E333-8FDC-42A3-9474-1A3956D46DE8}") = "Solution Items", "Solution Items", "{5D24EC52-224D-4207-ACA4-8898DBC57589}"
	ProjectSection(SolutionItems) = preProject
		.editorconfig = .editorconfig
	EndProjectSection
EndProject
Project("{FAE04EC0-301F-11D3-BF4B-00C04F79EFBC}") = "Nsr.RestClient", "MicroServices\Nsr.RestClient\Nsr.RestClient.csproj", "{E43177E8-6E97-45EA-B1C0-47A89229A2EB}"
EndProject
Global
	GlobalSection(SolutionConfigurationPlatforms) = preSolution
		Debug|Any CPU = Debug|Any CPU
		Release|Any CPU = Release|Any CPU
	EndGlobalSection
	GlobalSection(ProjectConfigurationPlatforms) = postSolution
		{3F38FD3A-A701-4156-AFAE-0999A93924C9}.Debug|Any CPU.ActiveCfg = Debug|Any CPU
		{3F38FD3A-A701-4156-AFAE-0999A93924C9}.Debug|Any CPU.Build.0 = Debug|Any CPU
		{3F38FD3A-A701-4156-AFAE-0999A93924C9}.Release|Any CPU.ActiveCfg = Release|Any CPU
		{3F38FD3A-A701-4156-AFAE-0999A93924C9}.Release|Any CPU.Build.0 = Release|Any CPU
		{7D1A9891-DB95-43EA-B345-67EE18F67DF8}.Debug|Any CPU.ActiveCfg = Debug|Any CPU
		{7D1A9891-DB95-43EA-B345-67EE18F67DF8}.Debug|Any CPU.Build.0 = Debug|Any CPU
		{7D1A9891-DB95-43EA-B345-67EE18F67DF8}.Release|Any CPU.ActiveCfg = Release|Any CPU
		{7D1A9891-DB95-43EA-B345-67EE18F67DF8}.Release|Any CPU.Build.0 = Release|Any CPU
		{0D7C7344-6685-420F-9D76-2C7777D341C0}.Debug|Any CPU.ActiveCfg = Debug|Any CPU
		{0D7C7344-6685-420F-9D76-2C7777D341C0}.Debug|Any CPU.Build.0 = Debug|Any CPU
		{0D7C7344-6685-420F-9D76-2C7777D341C0}.Release|Any CPU.ActiveCfg = Release|Any CPU
		{0D7C7344-6685-420F-9D76-2C7777D341C0}.Release|Any CPU.Build.0 = Release|Any CPU
		{C3F5CC0A-14B9-44DC-B46E-C03F5736ADA9}.Debug|Any CPU.ActiveCfg = Debug|Any CPU
		{C3F5CC0A-14B9-44DC-B46E-C03F5736ADA9}.Debug|Any CPU.Build.0 = Debug|Any CPU
		{C3F5CC0A-14B9-44DC-B46E-C03F5736ADA9}.Release|Any CPU.ActiveCfg = Release|Any CPU
		{C3F5CC0A-14B9-44DC-B46E-C03F5736ADA9}.Release|Any CPU.Build.0 = Release|Any CPU
		{C6E7BDF6-FA4A-437D-ACA5-F88C7E7594F7}.Debug|Any CPU.ActiveCfg = Debug|Any CPU
		{C6E7BDF6-FA4A-437D-ACA5-F88C7E7594F7}.Debug|Any CPU.Build.0 = Debug|Any CPU
		{C6E7BDF6-FA4A-437D-ACA5-F88C7E7594F7}.Release|Any CPU.ActiveCfg = Release|Any CPU
		{C6E7BDF6-FA4A-437D-ACA5-F88C7E7594F7}.Release|Any CPU.Build.0 = Release|Any CPU
		{257467E4-9073-4A52-8682-B4860258F684}.Debug|Any CPU.ActiveCfg = Debug|Any CPU
		{257467E4-9073-4A52-8682-B4860258F684}.Debug|Any CPU.Build.0 = Debug|Any CPU
		{257467E4-9073-4A52-8682-B4860258F684}.Release|Any CPU.ActiveCfg = Release|Any CPU
		{257467E4-9073-4A52-8682-B4860258F684}.Release|Any CPU.Build.0 = Release|Any CPU
		{5A4B45D0-6EC2-4CA5-BA0C-34B2B84E2822}.Debug|Any CPU.ActiveCfg = Debug|Any CPU
		{5A4B45D0-6EC2-4CA5-BA0C-34B2B84E2822}.Debug|Any CPU.Build.0 = Debug|Any CPU
		{5A4B45D0-6EC2-4CA5-BA0C-34B2B84E2822}.Release|Any CPU.ActiveCfg = Release|Any CPU
		{5A4B45D0-6EC2-4CA5-BA0C-34B2B84E2822}.Release|Any CPU.Build.0 = Release|Any CPU
		{CB406FBC-23DF-4158-88E5-64200FAE1F83}.Debug|Any CPU.ActiveCfg = Debug|Any CPU
		{CB406FBC-23DF-4158-88E5-64200FAE1F83}.Debug|Any CPU.Build.0 = Debug|Any CPU
		{CB406FBC-23DF-4158-88E5-64200FAE1F83}.Release|Any CPU.ActiveCfg = Release|Any CPU
		{CB406FBC-23DF-4158-88E5-64200FAE1F83}.Release|Any CPU.Build.0 = Release|Any CPU
		{6A78A8CF-0677-49A8-921A-6E06DC8910A9}.Debug|Any CPU.ActiveCfg = Debug|Any CPU
		{6A78A8CF-0677-49A8-921A-6E06DC8910A9}.Debug|Any CPU.Build.0 = Debug|Any CPU
		{6A78A8CF-0677-49A8-921A-6E06DC8910A9}.Release|Any CPU.ActiveCfg = Release|Any CPU
		{6A78A8CF-0677-49A8-921A-6E06DC8910A9}.Release|Any CPU.Build.0 = Release|Any CPU
		{7107F309-BD78-48C8-A5D3-F4B543785F9C}.Debug|Any CPU.ActiveCfg = Debug|Any CPU
		{7107F309-BD78-48C8-A5D3-F4B543785F9C}.Debug|Any CPU.Build.0 = Debug|Any CPU
		{7107F309-BD78-48C8-A5D3-F4B543785F9C}.Release|Any CPU.ActiveCfg = Release|Any CPU
		{7107F309-BD78-48C8-A5D3-F4B543785F9C}.Release|Any CPU.Build.0 = Release|Any CPU
		{0DFD0D1B-9DE8-4CE7-82B6-BF101DA1229A}.Debug|Any CPU.ActiveCfg = Debug|Any CPU
		{0DFD0D1B-9DE8-4CE7-82B6-BF101DA1229A}.Debug|Any CPU.Build.0 = Debug|Any CPU
		{0DFD0D1B-9DE8-4CE7-82B6-BF101DA1229A}.Release|Any CPU.ActiveCfg = Release|Any CPU
		{0DFD0D1B-9DE8-4CE7-82B6-BF101DA1229A}.Release|Any CPU.Build.0 = Release|Any CPU
		{0937F472-EA72-4E1B-A00B-39BA8DE647D3}.Debug|Any CPU.ActiveCfg = Debug|Any CPU
		{0937F472-EA72-4E1B-A00B-39BA8DE647D3}.Debug|Any CPU.Build.0 = Debug|Any CPU
		{0937F472-EA72-4E1B-A00B-39BA8DE647D3}.Release|Any CPU.ActiveCfg = Release|Any CPU
		{0937F472-EA72-4E1B-A00B-39BA8DE647D3}.Release|Any CPU.Build.0 = Release|Any CPU
		{0DAA656F-7B3E-4B51-8AE0-30AD574C71BB}.Debug|Any CPU.ActiveCfg = Debug|Any CPU
		{0DAA656F-7B3E-4B51-8AE0-30AD574C71BB}.Debug|Any CPU.Build.0 = Debug|Any CPU
		{0DAA656F-7B3E-4B51-8AE0-30AD574C71BB}.Release|Any CPU.ActiveCfg = Release|Any CPU
		{0DAA656F-7B3E-4B51-8AE0-30AD574C71BB}.Release|Any CPU.Build.0 = Release|Any CPU
		{F4D28946-D667-4B19-9CB2-0760715CDEF6}.Debug|Any CPU.ActiveCfg = Debug|Any CPU
		{F4D28946-D667-4B19-9CB2-0760715CDEF6}.Debug|Any CPU.Build.0 = Debug|Any CPU
		{F4D28946-D667-4B19-9CB2-0760715CDEF6}.Release|Any CPU.ActiveCfg = Release|Any CPU
		{F4D28946-D667-4B19-9CB2-0760715CDEF6}.Release|Any CPU.Build.0 = Release|Any CPU
		{0DB0282B-BAEB-478A-A0FA-D2ECB38B6C3A}.Debug|Any CPU.ActiveCfg = Debug|Any CPU
		{0DB0282B-BAEB-478A-A0FA-D2ECB38B6C3A}.Debug|Any CPU.Build.0 = Debug|Any CPU
		{0DB0282B-BAEB-478A-A0FA-D2ECB38B6C3A}.Release|Any CPU.ActiveCfg = Release|Any CPU
		{0DB0282B-BAEB-478A-A0FA-D2ECB38B6C3A}.Release|Any CPU.Build.0 = Release|Any CPU
		{E43177E8-6E97-45EA-B1C0-47A89229A2EB}.Debug|Any CPU.ActiveCfg = Debug|Any CPU
		{E43177E8-6E97-45EA-B1C0-47A89229A2EB}.Debug|Any CPU.Build.0 = Debug|Any CPU
		{E43177E8-6E97-45EA-B1C0-47A89229A2EB}.Release|Any CPU.ActiveCfg = Release|Any CPU
		{E43177E8-6E97-45EA-B1C0-47A89229A2EB}.Release|Any CPU.Build.0 = Release|Any CPU
	EndGlobalSection
	GlobalSection(SolutionProperties) = preSolution
		HideSolutionNode = FALSE
	EndGlobalSection
	GlobalSection(NestedProjects) = preSolution
		{3F38FD3A-A701-4156-AFAE-0999A93924C9} = {BE954B2C-41A2-4A03-9316-F42994CD3AC1}
		{7D1A9891-DB95-43EA-B345-67EE18F67DF8} = {958CA3F8-53E2-4926-9771-39F87EB9BD8A}
		{0D7C7344-6685-420F-9D76-2C7777D341C0} = {BE954B2C-41A2-4A03-9316-F42994CD3AC1}
		{C3F5CC0A-14B9-44DC-B46E-C03F5736ADA9} = {958CA3F8-53E2-4926-9771-39F87EB9BD8A}
		{C6E7BDF6-FA4A-437D-ACA5-F88C7E7594F7} = {958CA3F8-53E2-4926-9771-39F87EB9BD8A}
		{6FD0C194-3CB6-4073-90C6-5AB950614D28} = {53FF5399-4CD5-4013-A5FB-265778A08979}
		{5A4B45D0-6EC2-4CA5-BA0C-34B2B84E2822} = {386997B3-3D78-48F6-AE96-446CC7AD973B}
		{CB406FBC-23DF-4158-88E5-64200FAE1F83} = {386997B3-3D78-48F6-AE96-446CC7AD973B}
		{6A78A8CF-0677-49A8-921A-6E06DC8910A9} = {BE954B2C-41A2-4A03-9316-F42994CD3AC1}
		{7107F309-BD78-48C8-A5D3-F4B543785F9C} = {386997B3-3D78-48F6-AE96-446CC7AD973B}
		{0DFD0D1B-9DE8-4CE7-82B6-BF101DA1229A} = {6FD0C194-3CB6-4073-90C6-5AB950614D28}
		{0937F472-EA72-4E1B-A00B-39BA8DE647D3} = {6FD0C194-3CB6-4073-90C6-5AB950614D28}
		{0DAA656F-7B3E-4B51-8AE0-30AD574C71BB} = {6FD0C194-3CB6-4073-90C6-5AB950614D28}
		{F4D28946-D667-4B19-9CB2-0760715CDEF6} = {6FD0C194-3CB6-4073-90C6-5AB950614D28}
		{B381D7A7-6591-4EA2-BF01-E8944874B26A} = {53FF5399-4CD5-4013-A5FB-265778A08979}
		{0DB0282B-BAEB-478A-A0FA-D2ECB38B6C3A} = {B381D7A7-6591-4EA2-BF01-E8944874B26A}
		{E43177E8-6E97-45EA-B1C0-47A89229A2EB} = {53FF5399-4CD5-4013-A5FB-265778A08979}
	EndGlobalSection
	GlobalSection(ExtensibilityGlobals) = postSolution
		SolutionGuid = {049C5F27-9141-4E80-B1C5-0F84B62FD726}
	EndGlobalSection
EndGlobal
