
Microsoft Visual Studio Solution File, Format Version 12.00
# Visual Studio Version 16
VisualStudioVersion = 16.0.29709.97
MinimumVisualStudioVersion = 10.0.40219.1
Project("{2150E333-8FDC-42A3-9474-1A3956D46DE8}") = "Libraries", "Libraries", "{BE954B2C-41A2-4A03-9316-F42994CD3AC1}"
EndProject
Project("{2150E333-8FDC-42A3-9474-1A3956D46DE8}") = "Presentation", "Presentation", "{958CA3F8-53E2-4926-9771-39F87EB9BD8A}"
EndProject
Project("{9A19103F-16F7-4668-BE54-9A1E7A4F7556}") = "Wp.Web.Api", "Presentation\Wp.Web.Api\Wp.Web.Api.csproj", "{07952156-4815-4EE4-808C-BFD03CB0FAF8}"
EndProject
Project("{9A19103F-16F7-4668-BE54-9A1E7A4F7556}") = "Wp.Data", "Libraries\Wp.Data\Wp.Data.csproj", "{3F38FD3A-A701-4156-AFAE-0999A93924C9}"
EndProject
Project("{9A19103F-16F7-4668-BE54-9A1E7A4F7556}") = "Wp.Web.Framework", "Presentation\Wp.Web.Framework\Wp.Web.Framework.csproj", "{7D1A9891-DB95-43EA-B345-67EE18F67DF8}"
EndProject
Project("{9A19103F-16F7-4668-BE54-9A1E7A4F7556}") = "Wp.Core", "Libraries\Wp.Core\Wp.Core.csproj", "{48D9A6F4-4D46-49F8-99F7-BD1928D7EE92}"
EndProject
Project("{9A19103F-16F7-4668-BE54-9A1E7A4F7556}") = "Wp.Services", "Libraries\Wp.Service\Wp.Services.csproj", "{0D7C7344-6685-420F-9D76-2C7777D341C0}"
EndProject
Global
	GlobalSection(SolutionConfigurationPlatforms) = preSolution
		Debug|Any CPU = Debug|Any CPU
		Release|Any CPU = Release|Any CPU
	EndGlobalSection
	GlobalSection(ProjectConfigurationPlatforms) = postSolution
		{07952156-4815-4EE4-808C-BFD03CB0FAF8}.Debug|Any CPU.ActiveCfg = Debug|Any CPU
		{07952156-4815-4EE4-808C-BFD03CB0FAF8}.Debug|Any CPU.Build.0 = Debug|Any CPU
		{07952156-4815-4EE4-808C-BFD03CB0FAF8}.Release|Any CPU.ActiveCfg = Release|Any CPU
		{07952156-4815-4EE4-808C-BFD03CB0FAF8}.Release|Any CPU.Build.0 = Release|Any CPU
		{3F38FD3A-A701-4156-AFAE-0999A93924C9}.Debug|Any CPU.ActiveCfg = Debug|Any CPU
		{3F38FD3A-A701-4156-AFAE-0999A93924C9}.Debug|Any CPU.Build.0 = Debug|Any CPU
		{3F38FD3A-A701-4156-AFAE-0999A93924C9}.Release|Any CPU.ActiveCfg = Release|Any CPU
		{3F38FD3A-A701-4156-AFAE-0999A93924C9}.Release|Any CPU.Build.0 = Release|Any CPU
		{7D1A9891-DB95-43EA-B345-67EE18F67DF8}.Debug|Any CPU.ActiveCfg = Debug|Any CPU
		{7D1A9891-DB95-43EA-B345-67EE18F67DF8}.Debug|Any CPU.Build.0 = Debug|Any CPU
		{7D1A9891-DB95-43EA-B345-67EE18F67DF8}.Release|Any CPU.ActiveCfg = Release|Any CPU
		{7D1A9891-DB95-43EA-B345-67EE18F67DF8}.Release|Any CPU.Build.0 = Release|Any CPU
		{48D9A6F4-4D46-49F8-99F7-BD1928D7EE92}.Debug|Any CPU.ActiveCfg = Debug|Any CPU
		{48D9A6F4-4D46-49F8-99F7-BD1928D7EE92}.Debug|Any CPU.Build.0 = Debug|Any CPU
		{48D9A6F4-4D46-49F8-99F7-BD1928D7EE92}.Release|Any CPU.ActiveCfg = Release|Any CPU
		{48D9A6F4-4D46-49F8-99F7-BD1928D7EE92}.Release|Any CPU.Build.0 = Release|Any CPU
		{0D7C7344-6685-420F-9D76-2C7777D341C0}.Debug|Any CPU.ActiveCfg = Debug|Any CPU
		{0D7C7344-6685-420F-9D76-2C7777D341C0}.Debug|Any CPU.Build.0 = Debug|Any CPU
		{0D7C7344-6685-420F-9D76-2C7777D341C0}.Release|Any CPU.ActiveCfg = Release|Any CPU
		{0D7C7344-6685-420F-9D76-2C7777D341C0}.Release|Any CPU.Build.0 = Release|Any CPU
	EndGlobalSection
	GlobalSection(SolutionProperties) = preSolution
		HideSolutionNode = FALSE
	EndGlobalSection
	GlobalSection(NestedProjects) = preSolution
		{07952156-4815-4EE4-808C-BFD03CB0FAF8} = {958CA3F8-53E2-4926-9771-39F87EB9BD8A}
		{3F38FD3A-A701-4156-AFAE-0999A93924C9} = {BE954B2C-41A2-4A03-9316-F42994CD3AC1}
		{7D1A9891-DB95-43EA-B345-67EE18F67DF8} = {958CA3F8-53E2-4926-9771-39F87EB9BD8A}
		{48D9A6F4-4D46-49F8-99F7-BD1928D7EE92} = {BE954B2C-41A2-4A03-9316-F42994CD3AC1}
		{0D7C7344-6685-420F-9D76-2C7777D341C0} = {BE954B2C-41A2-4A03-9316-F42994CD3AC1}
	EndGlobalSection
	GlobalSection(ExtensibilityGlobals) = postSolution
		SolutionGuid = {049C5F27-9141-4E80-B1C5-0F84B62FD726}
	EndGlobalSection
EndGlobal
